
Microsoft Visual Studio Solution File, Format Version 12.00
# Visual Studio 15
VisualStudioVersion = 15.0.27004.2006
MinimumVisualStudioVersion = 10.0.40219.1
Project("{FAE04EC0-301F-11D3-BF4B-00C04F79EFBC}") = "SpaceInvadersGame", "SpaceInvadersGame\SpaceInvadersGame.csproj", "{98E90035-50D4-4159-9F2E-ECF51A04A6DF}"
EndProject
Global
	GlobalSection(SolutionConfigurationPlatforms) = preSolution
		Debug|Any CPU = Debug|Any CPU
		Release|Any CPU = Release|Any CPU
	EndGlobalSection
	GlobalSection(ProjectConfigurationPlatforms) = postSolution
		{98E90035-50D4-4159-9F2E-ECF51A04A6DF}.Debug|Any CPU.ActiveCfg = Debug|Any CPU
		{98E90035-50D4-4159-9F2E-ECF51A04A6DF}.Debug|Any CPU.Build.0 = Debug|Any CPU
		{98E90035-50D4-4159-9F2E-ECF51A04A6DF}.Release|Any CPU.ActiveCfg = Release|Any CPU
		{98E90035-50D4-4159-9F2E-ECF51A04A6DF}.Release|Any CPU.Build.0 = Release|Any CPU
	EndGlobalSection
	GlobalSection(SolutionProperties) = preSolution
		HideSolutionNode = FALSE
	EndGlobalSection
	GlobalSection(ExtensibilityGlobals) = postSolution
		SolutionGuid = {3CB9F28A-F416-4DB6-9CB8-9EC9D9EB5D60}
	EndGlobalSection
EndGlobal
